{
  "name": "websocket-chat",
  "version": "1.0.0",
  "lockfileVersion": 1,
  "requires": true,
  "dependencies": {
    "async-limiter": {
      "version": "1.0.0",
      "resolved": "https://registry.npmjs.org/async-limiter/-/async-limiter-1.0.0.tgz",
      "integrity": "sha512-jp/uFnooOiO+L211eZOoSyzpOITMXx1rBITauYykG3BRYPu8h0UcxsPNB04RR5vo4Tyz3+ay17tR6JVf9qzYWg=="
    },
    "bson": {
      "version": "0.4.23",
      "resolved": "https://registry.npmjs.org/bson/-/bson-0.4.23.tgz",
      "integrity": "sha1-5louPHUH/63kEJvHV1p25Q+NqRU="
    },
    "core-util-is": {
      "version": "1.0.2",
      "resolved": "https://registry.npmjs.org/core-util-is/-/core-util-is-1.0.2.tgz",
      "integrity": "sha1-tf1UIgqivFq1eqtxQMlAdUUDwac="
    },
    "es6-promise": {
      "version": "2.1.1",
      "resolved": "https://registry.npmjs.org/es6-promise/-/es6-promise-2.1.1.tgz",
      "integrity": "sha1-A+jzxyl5KOVHjWqx0GQyUVB73t0="
    },
    "inherits": {
      "version": "2.0.3",
      "resolved": "https://registry.npmjs.org/inherits/-/inherits-2.0.3.tgz",
      "integrity": "sha1-Yzwsg+PaQqUC9SRmAiSA9CCCYd4="
    },
    "isarray": {
      "version": "0.0.1",
      "resolved": "https://registry.npmjs.org/isarray/-/isarray-0.0.1.tgz",
      "integrity": "sha1-ihis/Kmo9Bd+Cav8YDiTmwXR7t8="
    },
    "kerberos": {
      "version": "0.0.23",
      "resolved": "https://registry.npmjs.org/kerberos/-/kerberos-0.0.23.tgz",
      "integrity": "sha1-aqRq/bl4bGkZOIzFtAjwEscfD9E=",
      "optional": true,
      "requires": {
        "nan": "2.5.1"
      }
    },
    "mongodb": {
      "version": "2.0.45",
      "resolved": "https://registry.npmjs.org/mongodb/-/mongodb-2.0.45.tgz",
      "integrity": "sha1-xj1CuRjxmlOzLUxkBD9qn2bJq6U=",
      "requires": {
        "es6-promise": "2.1.1",
        "mongodb-core": "1.2.14",
        "readable-stream": "1.0.31"
      }
    },
    "mongodb-core": {
      "version": "1.2.14",
      "resolved": "https://registry.npmjs.org/mongodb-core/-/mongodb-core-1.2.14.tgz",
      "integrity": "sha1-DxOTd4tx8eK4Yij9Fg7JrVqM2aM=",
      "requires": {
        "bson": "0.4.23",
        "kerberos": "0.0.23"
      }
    },
    "nan": {
      "version": "2.5.1",
      "resolved": "https://registry.npmjs.org/nan/-/nan-2.5.1.tgz",
      "integrity": "sha1-1bAWkSUzJql6K77p5hxV2NYDUeI=",
      "optional": true
    },
    "readable-stream": {
      "version": "1.0.31",
      "resolved": "https://registry.npmjs.org/readable-stream/-/readable-stream-1.0.31.tgz",
      "integrity": "sha1-jyUC4LyeOw2huUUgqrtOJgPsr64=",
      "requires": {
        "core-util-is": "1.0.2",
        "inherits": "2.0.3",
        "isarray": "0.0.1",
        "string_decoder": "0.10.31"
      }
    },
    "string_decoder": {
      "version": "0.10.31",
      "resolved": "https://registry.npmjs.org/string_decoder/-/string_decoder-0.10.31.tgz",
      "integrity": "sha1-YuIDvEF2bGwoyfyEMB2rHFMQ+pQ="
    },
    "ws": {
      "version": "5.0.0",
      "resolved": "https://registry.npmjs.org/ws/-/ws-5.0.0.tgz",
      "integrity": "sha512-XXG4S0b771C68AeTHebBsJJBZMguxj7Em+D657RViuj6ppRd3tfuOhIK8eGwZGNb76C8MjQfCTfH2NN50rJN4w==",
      "requires": {
        "async-limiter": "1.0.0"
      }
    }
  }
}
